version = 1
revision = 2
requires-python = ">=3.12"
resolution-markers = [
    "platform_machine == 'aarch64' and sys_platform == 'linux'",
    "platform_machine != 'aarch64' and sys_platform == 'linux'",
    "sys_platform == 'win32'",
    "sys_platform != 'linux' and sys_platform != 'win32'",
]

[options]
prerelease-mode = "allow"

[[package]]
name = "absl-py"
version = "2.3.0"
source = { registry = "https://pypi.org/simple" }
sdist = { url = "https://files.pythonhosted.org/packages/03/15/18693af986560a5c3cc0b84a8046b536ffb2cdb536e03cce897f2759e284/absl_py-2.3.0.tar.gz", hash = "sha256:d96fda5c884f1b22178852f30ffa85766d50b99e00775ea626c23304f582fc4f", size = 116400, upload-time = "2025-05-27T09:15:50.143Z" }
wheels = [
    { url = "https://files.pythonhosted.org/packages/87/04/9d75e1d3bb4ab8ec67ff10919476ccdee06c098bcfcf3a352da5f985171d/absl_py-2.3.0-py3-none-any.whl", hash = "sha256:9824a48b654a306168f63e0d97714665f8490b8d89ec7bf2efc24bf67cf579b3", size = 135657, upload-time = "2025-05-27T09:15:48.742Z" },
]

[[package]]
name = "camera-placement"
version = "0.1.0"
source = { virtual = "." }
dependencies = [
    { name = "metaworld" },
    { name = "pyglet" },
]

[package.metadata]
requires-dist = [
    { name = "metaworld", directory = "Metaworld" },
    { name = "pyglet", specifier = "==1.5.31" },
]

[[package]]
name = "cloudpickle"
version = "3.1.1"
source = { registry = "https://pypi.org/simple" }
sdist = { url = "https://files.pythonhosted.org/packages/52/39/069100b84d7418bc358d81669d5748efb14b9cceacd2f9c75f550424132f/cloudpickle-3.1.1.tar.gz", hash = "sha256:b216fa8ae4019d5482a8ac3c95d8f6346115d8835911fd4aefd1a445e4242c64", size = 22113, upload-time = "2025-01-14T17:02:05.085Z" }
wheels = [
    { url = "https://files.pythonhosted.org/packages/7e/e8/64c37fadfc2816a7701fa8a6ed8d87327c7d54eacfbfb6edab14a2f2be75/cloudpickle-3.1.1-py3-none-any.whl", hash = "sha256:c8c5a44295039331ee9dad40ba100a9c7297b6f988e50e87ccdf3765a668350e", size = 20992, upload-time = "2025-01-14T17:02:02.417Z" },
]

[[package]]
name = "etils"
version = "1.12.2"
source = { registry = "https://pypi.org/simple" }
sdist = { url = "https://files.pythonhosted.org/packages/e4/12/1cc11e88a0201280ff389bc4076df7c3432e39d9f22cba8b71aa263f67b8/etils-1.12.2.tar.gz", hash = "sha256:c6b9e1f0ce66d1bbf54f99201b08a60ba396d3446d9eb18d4bc39b26a2e1a5ee", size = 104711, upload-time = "2025-03-10T15:14:13.671Z" }
wheels = [
    { url = "https://files.pythonhosted.org/packages/dd/71/40ee142e564b8a34a7ae9546e99e665e0001011a3254d5bbbe113d72ccba/etils-1.12.2-py3-none-any.whl", hash = "sha256:4600bec9de6cf5cb043a171e1856e38b5f273719cf3ecef90199f7091a6b3912", size = 167613, upload-time = "2025-03-10T15:14:12.333Z" },
]

[package.optional-dependencies]
epath = [
    { name = "fsspec" },
    { name = "importlib-resources" },
    { name = "typing-extensions" },
    { name = "zipp" },
]

[[package]]
name = "farama-notifications"
version = "0.0.4"
source = { registry = "https://pypi.org/simple" }
sdist = { url = "https://files.pythonhosted.org/packages/2e/2c/8384832b7a6b1fd6ba95bbdcae26e7137bb3eedc955c42fd5cdcc086cfbf/Farama-Notifications-0.0.4.tar.gz", hash = "sha256:13fceff2d14314cf80703c8266462ebf3733c7d165336eee998fc58e545efd18", size = 2131, upload-time = "2023-02-27T18:28:41.047Z" }
wheels = [
    { url = "https://files.pythonhosted.org/packages/05/2c/ffc08c54c05cdce6fbed2aeebc46348dbe180c6d2c541c7af7ba0aa5f5f8/Farama_Notifications-0.0.4-py3-none-any.whl", hash = "sha256:14de931035a41961f7c056361dc7f980762a143d05791ef5794a751a2caf05ae", size = 2511, upload-time = "2023-02-27T18:28:39.447Z" },
]

[[package]]
name = "fsspec"
version = "2025.5.1"
source = { registry = "https://pypi.org/simple" }
sdist = { url = "https://files.pythonhosted.org/packages/00/f7/27f15d41f0ed38e8fcc488584b57e902b331da7f7c6dcda53721b15838fc/fsspec-2025.5.1.tar.gz", hash = "sha256:2e55e47a540b91843b755e83ded97c6e897fa0942b11490113f09e9c443c2475", size = 303033, upload-time = "2025-05-24T12:03:23.792Z" }
wheels = [
    { url = "https://files.pythonhosted.org/packages/bb/61/78c7b3851add1481b048b5fdc29067397a1784e2910592bc81bb3f608635/fsspec-2025.5.1-py3-none-any.whl", hash = "sha256:24d3a2e663d5fc735ab256263c4075f374a174c3410c0b25e5bd1970bceaa462", size = 199052, upload-time = "2025-05-24T12:03:21.66Z" },
]

[[package]]
name = "glfw"
version = "2.9.0"
source = { registry = "https://pypi.org/simple" }
sdist = { url = "https://files.pythonhosted.org/packages/38/97/a2d667c98b8474f6b8294042488c1bd488681fb3cb4c3b9cdac1a9114287/glfw-2.9.0.tar.gz", hash = "sha256:077111a150ff09bc302c5e4ae265a5eb6aeaff0c8b01f727f7fb34e3764bb8e2", size = 31453, upload-time = "2025-04-15T15:39:54.142Z" }
wheels = [
    { url = "https://files.pythonhosted.org/packages/21/71/13dd8a8d547809543d21de9438a3a76a8728fc7966d01ad9fb54599aebf5/glfw-2.9.0-py2.py27.py3.py30.py31.py32.py33.py34.py35.py36.py37.py38.p39.p310.p311.p312.p313-none-macosx_10_6_intel.whl", hash = "sha256:183da99152f63469e9263146db2eb1b6cc4ee0c4082b280743e57bd1b0a3bd70", size = 105297, upload-time = "2025-04-15T15:39:39.677Z" },
    { url = "https://files.pythonhosted.org/packages/f8/a2/45e6dceec1e0a0ffa8dd3c0ecf1e11d74639a55186243129160c6434d456/glfw-2.9.0-py2.py27.py3.py30.py31.py32.py33.py34.py35.py36.py37.py38.p39.p310.p311.p312.p313-none-macosx_11_0_arm64.whl", hash = "sha256:aef5b555673b9555216e4cd7bc0bdbbb9983f66c620a85ba7310cfcfda5cd38c", size = 102146, upload-time = "2025-04-15T15:39:42.354Z" },
    { url = "https://files.pythonhosted.org/packages/d2/72/b6261ed918e3747c6070fe80636c63a3c8f1c42ce122670315eeeada156f/glfw-2.9.0-py2.py27.py3.py30.py31.py32.py33.py34.py35.py36.py37.py38.p39.p310.p311.p312.p313-none-manylinux2014_aarch64.whl", hash = "sha256:fcc430cb21984afba74945b7df38a5e1a02b36c0b4a2a2bab42b4a26d7cc51d6", size = 230002, upload-time = "2025-04-15T15:39:43.933Z" },
    { url = "https://files.pythonhosted.org/packages/45/d6/7f95786332e8b798569b8e60db2ee081874cec2a62572b8ec55c309d85b7/glfw-2.9.0-py2.py27.py3.py30.py31.py32.py33.py34.py35.py36.py37.py38.p39.p310.p311.p312.p313-none-manylinux2014_x86_64.whl", hash = "sha256:7f85b58546880466ac445fc564c5c831ca93c8a99795ab8eaf0a2d521af293d7", size = 241949, upload-time = "2025-04-15T15:39:45.28Z" },
    { url = "https://files.pythonhosted.org/packages/a1/e6/093ab7874a74bba351e754f6e7748c031bd7276702135da6cbcd00e1f3e2/glfw-2.9.0-py2.py27.py3.py30.py31.py32.py33.py34.py35.py36.py37.py38.p39.p310.p311.p312.p313-none-manylinux_2_28_aarch64.whl", hash = "sha256:2123716c8086b80b797e849a534fc6f21aebca300519e57c80618a65ca8135dc", size = 231016, upload-time = "2025-04-15T15:39:46.669Z" },
    { url = "https://files.pythonhosted.org/packages/7f/ba/de3630757c7d7fc2086aaf3994926d6b869d31586e4d0c14f1666af31b93/glfw-2.9.0-py2.py27.py3.py30.py31.py32.py33.py34.py35.py36.py37.py38.p39.p310.p311.p312.p313-none-manylinux_2_28_x86_64.whl", hash = "sha256:4e11271e49eb9bc53431ade022e284d5a59abeace81fe3b178db1bf3ccc0c449", size = 243489, upload-time = "2025-04-15T15:39:48.321Z" },
    { url = "https://files.pythonhosted.org/packages/32/36/c3bada8503681806231d1705ea1802bac8febf69e4186b9f0f0b9e2e4f7e/glfw-2.9.0-py2.py27.py3.py30.py31.py32.py33.py34.py35.py36.py37.py38.p39.p310.p311.p312.p313-none-win32.whl", hash = "sha256:8e4fbff88e4e953bb969b6813195d5de4641f886530cc8083897e56b00bf2c8e", size = 552655, upload-time = "2025-04-15T15:39:50.029Z" },
    { url = "https://files.pythonhosted.org/packages/cb/70/7f2f052ca20c3b69892818f2ee1fea53b037ea9145ff75b944ed1dc4ff82/glfw-2.9.0-py2.py27.py3.py30.py31.py32.py33.py34.py35.py36.py37.py38.p39.p310.p311.p312.p313-none-win_amd64.whl", hash = "sha256:9aa3ae51601601c53838315bd2a03efb1e6bebecd072b2f64ddbd0b2556d511a", size = 559441, upload-time = "2025-04-15T15:39:52.531Z" },
]

[[package]]
name = "gymnasium"
version = "1.1.1"
source = { registry = "https://pypi.org/simple" }
dependencies = [
    { name = "cloudpickle" },
    { name = "farama-notifications" },
    { name = "numpy" },
    { name = "typing-extensions" },
]
sdist = { url = "https://files.pythonhosted.org/packages/90/69/70cd29e9fc4953d013b15981ee71d4c9ef4d8b2183e6ef2fe89756746dce/gymnasium-1.1.1.tar.gz", hash = "sha256:8bd9ea9bdef32c950a444ff36afc785e1d81051ec32d30435058953c20d2456d", size = 829326, upload-time = "2025-03-06T16:30:36.428Z" }
wheels = [
    { url = "https://files.pythonhosted.org/packages/f9/68/2bdc7b46b5f543dd865575f9d19716866bdb76e50dd33b71ed1a3dd8bb42/gymnasium-1.1.1-py3-none-any.whl", hash = "sha256:9c167ec0a2b388666e37f63b2849cd2552f7f5b71938574c637bb36487eb928a", size = 965410, upload-time = "2025-03-06T16:30:34.443Z" },
]

[[package]]
name = "imageio"
version = "2.37.0"
source = { registry = "https://pypi.org/simple" }
dependencies = [
    { name = "numpy" },
    { name = "pillow" },
]
sdist = { url = "https://files.pythonhosted.org/packages/0c/47/57e897fb7094afb2d26e8b2e4af9a45c7cf1a405acdeeca001fdf2c98501/imageio-2.37.0.tar.gz", hash = "sha256:71b57b3669666272c818497aebba2b4c5f20d5b37c81720e5e1a56d59c492996", size = 389963, upload-time = "2025-01-20T02:42:37.089Z" }
wheels = [
    { url = "https://files.pythonhosted.org/packages/cb/bd/b394387b598ed84d8d0fa90611a90bee0adc2021820ad5729f7ced74a8e2/imageio-2.37.0-py3-none-any.whl", hash = "sha256:11efa15b87bc7871b61590326b2d635439acc321cf7f8ce996f812543ce10eed", size = 315796, upload-time = "2025-01-20T02:42:34.931Z" },
]

[[package]]
name = "importlib-resources"
version = "6.5.2"
source = { registry = "https://pypi.org/simple" }
sdist = { url = "https://files.pythonhosted.org/packages/cf/8c/f834fbf984f691b4f7ff60f50b514cc3de5cc08abfc3295564dd89c5e2e7/importlib_resources-6.5.2.tar.gz", hash = "sha256:185f87adef5bcc288449d98fb4fba07cea78bc036455dd44c5fc4a2fe78fed2c", size = 44693, upload-time = "2025-01-03T18:51:56.698Z" }
wheels = [
    { url = "https://files.pythonhosted.org/packages/a4/ed/1f1afb2e9e7f38a545d628f864d562a5ae64fe6f7a10e28ffb9b185b4e89/importlib_resources-6.5.2-py3-none-any.whl", hash = "sha256:789cfdc3ed28c78b67a06acb8126751ced69a3d5f79c095a98298cd8a760ccec", size = 37461, upload-time = "2025-01-03T18:51:54.306Z" },
]

[[package]]
name = "metaworld"
version = "3.0.0"
source = { directory = "Metaworld" }
dependencies = [
    { name = "gymnasium" },
    { name = "imageio" },
    { name = "mujoco" },
    { name = "numpy" },
    { name = "scipy" },
]

[package.metadata]
requires-dist = [
    { name = "black", marker = "extra == 'dev'" },
    { name = "gymnasium", specifier = ">=1.1" },
    { name = "imageio" },
    { name = "ipdb", marker = "extra == 'testing'" },
    { name = "isort", marker = "extra == 'dev'" },
    { name = "memory-profiler", marker = "extra == 'testing'" },
    { name = "mujoco", specifier = ">=3.0.0" },
    { name = "mypy", marker = "extra == 'dev'" },
    { name = "numpy", specifier = ">=1.18" },
    { name = "pyquaternion", marker = "extra == 'testing'", specifier = "==0.9.5" },
    { name = "pytest", marker = "extra == 'testing'", specifier = ">=4.4.0" },
    { name = "scipy", specifier = ">=1.4.1" },
]
provides-extras = ["testing", "dev"]

[[package]]
name = "mujoco"
version = "3.3.3"
source = { registry = "https://pypi.org/simple" }
dependencies = [
    { name = "absl-py" },
    { name = "etils", extra = ["epath"] },
    { name = "glfw" },
    { name = "numpy" },
    { name = "pyopengl" },
]
sdist = { url = "https://files.pythonhosted.org/packages/86/77/fbb7c2db0ac8bbc0cae632d7e1bad61fd9f7700d71d975b610d12b3c548d/mujoco-3.3.3.tar.gz", hash = "sha256:5db7a2a472b393d32e4211d5901f2bc490782f42a86837bcab588c36126b4256", size = 809192, upload-time = "2025-06-10T23:49:41.685Z" }
wheels = [
    { url = "https://files.pythonhosted.org/packages/4f/63/80809b75c03933614cbfe5a14bdc3f2809697b93c1b93ab334142d70ab0e/mujoco-3.3.3-cp312-cp312-macosx_10_16_x86_64.whl", hash = "sha256:ca7fc56dbef82d288408251c7d651420e769497d43f653135ee23b214ae4e2f9", size = 6718103, upload-time = "2025-06-10T23:49:04.626Z" },
    { url = "https://files.pythonhosted.org/packages/ce/d8/43b5a64b2b952cfd881fff047ee07a8fd1eda79c51e56baa6d5ba6419576/mujoco-3.3.3-cp312-cp312-macosx_11_0_arm64.whl", hash = "sha256:8ca6306fe2609ba0e35cf0e7a62a6ae79034f71315543db43cb1fe5e902548a2", size = 6634231, upload-time = "2025-06-10T23:49:07.368Z" },
    { url = "https://files.pythonhosted.org/packages/8a/e9/afd4dc4861d24aaa2f97efe773fc57925588116817dd4170519ecbff8335/mujoco-3.3.3-cp312-cp312-manylinux_2_17_aarch64.manylinux2014_aarch64.whl", hash = "sha256:7d5a2d3f84b1d04e7f0af89075a73101f78ad6ce79a1c3ad6c9aa568b60607c9", size = 6290528, upload-time = "2025-06-10T23:49:09.52Z" },
    { url = "https://files.pythonhosted.org/packages/2b/d0/3cfb069fbdea2cc01e12e70819ac0f6cfa920cf29f413093f891880a7282/mujoco-3.3.3-cp312-cp312-manylinux_2_17_x86_64.manylinux2014_x86_64.whl", hash = "sha256:a0789e629575ab5a55b674bf98a6ca97d002992038d1c2c851f0c79af440ffbb", size = 6647809, upload-time = "2025-06-10T23:49:11.983Z" },
    { url = "https://files.pythonhosted.org/packages/08/a3/c8a87ca36d4f1b41094ace04c6be10cb19ef44619d31ecb7aa5044f771fa/mujoco-3.3.3-cp312-cp312-win_amd64.whl", hash = "sha256:62cc1e79703e5e9d0539a8d6f10769e8a8601cad46656c58820c51088fc9ffc3", size = 5041928, upload-time = "2025-06-10T23:49:14.888Z" },
    { url = "https://files.pythonhosted.org/packages/28/ca/e0c0b724837ed3d150c0f3db33bf80bd4297f2e7fe2cf6909309dfee1105/mujoco-3.3.3-cp313-cp313-macosx_10_16_x86_64.whl", hash = "sha256:5201f1cf3775b391391e262af62b2191bb280d42880cc26a1a25c0b4a1ff0289", size = 6718445, upload-time = "2025-06-10T23:49:17.298Z" },
    { url = "https://files.pythonhosted.org/packages/d7/55/b5d35152a1f2f99ccade6049d3fb1585d61d01228105d500d8f68c98a10e/mujoco-3.3.3-cp313-cp313-macosx_11_0_arm64.whl", hash = "sha256:c6dd8d5a56674a8e0e3b6c2ed6033ce2e25d98f4c0783d090ed048f9262ce56d", size = 6634402, upload-time = "2025-06-10T23:49:19.925Z" },
    { url = "https://files.pythonhosted.org/packages/13/7d/bc75774fccf5081603b477065898110404a04bc511b1f3ada2467d038fdc/mujoco-3.3.3-cp313-cp313-manylinux_2_17_aarch64.manylinux2014_aarch64.whl", hash = "sha256:26895c9ece8ba80319628881a7252b750f1b1cbf2f764858f148236c636b484a", size = 6290510, upload-time = "2025-06-10T23:49:22.765Z" },
    { url = "https://files.pythonhosted.org/packages/3c/48/69fe30756b1ae4b58faeb044514b261e0c58b0aaa83cf9f32aad96e7c58c/mujoco-3.3.3-cp313-cp313-manylinux_2_17_x86_64.manylinux2014_x86_64.whl", hash = "sha256:6a274178617298d72a390728fd7ff1c75b66642a1a74f2399c6767032619ccd2", size = 6648445, upload-time = "2025-06-10T23:49:24.935Z" },
    { url = "https://files.pythonhosted.org/packages/0b/d4/cf15bf710f4525ce0f0e462e33cd19ea4abed56c97643f2b4e33efa328ee/mujoco-3.3.3-cp313-cp313-win_amd64.whl", hash = "sha256:81dcdd10568eb7704d69b4175e2a2004d6126c490a5fdb71eb4af28ca2fdd68e", size = 5042348, upload-time = "2025-06-10T23:49:27.248Z" },
]

[[package]]
name = "numpy"
version = "1.26.4"
source = { registry = "https://pypi.org/simple" }
sdist = { url = "https://files.pythonhosted.org/packages/65/6e/09db70a523a96d25e115e71cc56a6f9031e7b8cd166c1ac8438307c14058/numpy-1.26.4.tar.gz", hash = "sha256:2a02aba9ed12e4ac4eb3ea9421c420301a0c6460d9830d74a9df87efa4912010", size = 15786129, upload-time = "2024-02-06T00:26:44.495Z" }
wheels = [
    { url = "https://files.pythonhosted.org/packages/95/12/8f2020a8e8b8383ac0177dc9570aad031a3beb12e38847f7129bacd96228/numpy-1.26.4-cp312-cp312-macosx_10_9_x86_64.whl", hash = "sha256:b3ce300f3644fb06443ee2222c2201dd3a89ea6040541412b8fa189341847218", size = 20335901, upload-time = "2024-02-05T23:55:32.801Z" },
    { url = "https://files.pythonhosted.org/packages/75/5b/ca6c8bd14007e5ca171c7c03102d17b4f4e0ceb53957e8c44343a9546dcc/numpy-1.26.4-cp312-cp312-macosx_11_0_arm64.whl", hash = "sha256:03a8c78d01d9781b28a6989f6fa1bb2c4f2d51201cf99d3dd875df6fbd96b23b", size = 13685868, upload-time = "2024-02-05T23:55:56.28Z" },
    { url = "https://files.pythonhosted.org/packages/79/f8/97f10e6755e2a7d027ca783f63044d5b1bc1ae7acb12afe6a9b4286eac17/numpy-1.26.4-cp312-cp312-manylinux_2_17_aarch64.manylinux2014_aarch64.whl", hash = "sha256:9fad7dcb1aac3c7f0584a5a8133e3a43eeb2fe127f47e3632d43d677c66c102b", size = 13925109, upload-time = "2024-02-05T23:56:20.368Z" },
    { url = "https://files.pythonhosted.org/packages/0f/50/de23fde84e45f5c4fda2488c759b69990fd4512387a8632860f3ac9cd225/numpy-1.26.4-cp312-cp312-manylinux_2_17_x86_64.manylinux2014_x86_64.whl", hash = "sha256:675d61ffbfa78604709862923189bad94014bef562cc35cf61d3a07bba02a7ed", size = 17950613, upload-time = "2024-02-05T23:56:56.054Z" },
    { url = "https://files.pythonhosted.org/packages/4c/0c/9c603826b6465e82591e05ca230dfc13376da512b25ccd0894709b054ed0/numpy-1.26.4-cp312-cp312-musllinux_1_1_aarch64.whl", hash = "sha256:ab47dbe5cc8210f55aa58e4805fe224dac469cde56b9f731a4c098b91917159a", size = 13572172, upload-time = "2024-02-05T23:57:21.56Z" },
    { url = "https://files.pythonhosted.org/packages/76/8c/2ba3902e1a0fc1c74962ea9bb33a534bb05984ad7ff9515bf8d07527cadd/numpy-1.26.4-cp312-cp312-musllinux_1_1_x86_64.whl", hash = "sha256:1dda2e7b4ec9dd512f84935c5f126c8bd8b9f2fc001e9f54af255e8c5f16b0e0", size = 17786643, upload-time = "2024-02-05T23:57:56.585Z" },
    { url = "https://files.pythonhosted.org/packages/28/4a/46d9e65106879492374999e76eb85f87b15328e06bd1550668f79f7b18c6/numpy-1.26.4-cp312-cp312-win32.whl", hash = "sha256:50193e430acfc1346175fcbdaa28ffec49947a06918b7b92130744e81e640110", size = 5677803, upload-time = "2024-02-05T23:58:08.963Z" },
    { url = "https://files.pythonhosted.org/packages/16/2e/86f24451c2d530c88daf997cb8d6ac622c1d40d19f5a031ed68a4b73a374/numpy-1.26.4-cp312-cp312-win_amd64.whl", hash = "sha256:08beddf13648eb95f8d867350f6a018a4be2e5ad54c8d8caed89ebca558b2818", size = 15517754, upload-time = "2024-02-05T23:58:36.364Z" },
]

[[package]]
name = "pillow"
version = "11.2.1"
source = { registry = "https://pypi.org/simple" }
sdist = { url = "https://files.pythonhosted.org/packages/af/cb/bb5c01fcd2a69335b86c22142b2bccfc3464087efb7fd382eee5ffc7fdf7/pillow-11.2.1.tar.gz", hash = "sha256:a64dd61998416367b7ef979b73d3a85853ba9bec4c2925f74e588879a58716b6", size = 47026707, upload-time = "2025-04-12T17:50:03.289Z" }
wheels = [
    { url = "https://files.pythonhosted.org/packages/c7/40/052610b15a1b8961f52537cc8326ca6a881408bc2bdad0d852edeb6ed33b/pillow-11.2.1-cp312-cp312-macosx_10_13_x86_64.whl", hash = "sha256:78afba22027b4accef10dbd5eed84425930ba41b3ea0a86fa8d20baaf19d807f", size = 3190185, upload-time = "2025-04-12T17:48:00.417Z" },
    { url = "https://files.pythonhosted.org/packages/e5/7e/b86dbd35a5f938632093dc40d1682874c33dcfe832558fc80ca56bfcb774/pillow-11.2.1-cp312-cp312-macosx_11_0_arm64.whl", hash = "sha256:78092232a4ab376a35d68c4e6d5e00dfd73454bd12b230420025fbe178ee3b0b", size = 3030306, upload-time = "2025-04-12T17:48:02.391Z" },
    { url = "https://files.pythonhosted.org/packages/a4/5c/467a161f9ed53e5eab51a42923c33051bf8d1a2af4626ac04f5166e58e0c/pillow-11.2.1-cp312-cp312-manylinux_2_17_aarch64.manylinux2014_aarch64.whl", hash = "sha256:25a5f306095c6780c52e6bbb6109624b95c5b18e40aab1c3041da3e9e0cd3e2d", size = 4416121, upload-time = "2025-04-12T17:48:04.554Z" },
    { url = "https://files.pythonhosted.org/packages/62/73/972b7742e38ae0e2ac76ab137ca6005dcf877480da0d9d61d93b613065b4/pillow-11.2.1-cp312-cp312-manylinux_2_17_x86_64.manylinux2014_x86_64.whl", hash = "sha256:0c7b29dbd4281923a2bfe562acb734cee96bbb129e96e6972d315ed9f232bef4", size = 4501707, upload-time = "2025-04-12T17:48:06.831Z" },
    { url = "https://files.pythonhosted.org/packages/e4/3a/427e4cb0b9e177efbc1a84798ed20498c4f233abde003c06d2650a6d60cb/pillow-11.2.1-cp312-cp312-manylinux_2_28_aarch64.whl", hash = "sha256:3e645b020f3209a0181a418bffe7b4a93171eef6c4ef6cc20980b30bebf17b7d", size = 4522921, upload-time = "2025-04-12T17:48:09.229Z" },
    { url = "https://files.pythonhosted.org/packages/fe/7c/d8b1330458e4d2f3f45d9508796d7caf0c0d3764c00c823d10f6f1a3b76d/pillow-11.2.1-cp312-cp312-manylinux_2_28_x86_64.whl", hash = "sha256:b2dbea1012ccb784a65349f57bbc93730b96e85b42e9bf7b01ef40443db720b4", size = 4612523, upload-time = "2025-04-12T17:48:11.631Z" },
    { url = "https://files.pythonhosted.org/packages/b3/2f/65738384e0b1acf451de5a573d8153fe84103772d139e1e0bdf1596be2ea/pillow-11.2.1-cp312-cp312-musllinux_1_2_aarch64.whl", hash = "sha256:da3104c57bbd72948d75f6a9389e6727d2ab6333c3617f0a89d72d4940aa0443", size = 4587836, upload-time = "2025-04-12T17:48:13.592Z" },
    { url = "https://files.pythonhosted.org/packages/6a/c5/e795c9f2ddf3debb2dedd0df889f2fe4b053308bb59a3cc02a0cd144d641/pillow-11.2.1-cp312-cp312-musllinux_1_2_x86_64.whl", hash = "sha256:598174aef4589af795f66f9caab87ba4ff860ce08cd5bb447c6fc553ffee603c", size = 4669390, upload-time = "2025-04-12T17:48:15.938Z" },
    { url = "https://files.pythonhosted.org/packages/96/ae/ca0099a3995976a9fce2f423166f7bff9b12244afdc7520f6ed38911539a/pillow-11.2.1-cp312-cp312-win32.whl", hash = "sha256:1d535df14716e7f8776b9e7fee118576d65572b4aad3ed639be9e4fa88a1cad3", size = 2332309, upload-time = "2025-04-12T17:48:17.885Z" },
    { url = "https://files.pythonhosted.org/packages/7c/18/24bff2ad716257fc03da964c5e8f05d9790a779a8895d6566e493ccf0189/pillow-11.2.1-cp312-cp312-win_amd64.whl", hash = "sha256:14e33b28bf17c7a38eede290f77db7c664e4eb01f7869e37fa98a5aa95978941", size = 2676768, upload-time = "2025-04-12T17:48:19.655Z" },
    { url = "https://files.pythonhosted.org/packages/da/bb/e8d656c9543276517ee40184aaa39dcb41e683bca121022f9323ae11b39d/pillow-11.2.1-cp312-cp312-win_arm64.whl", hash = "sha256:21e1470ac9e5739ff880c211fc3af01e3ae505859392bf65458c224d0bf283eb", size = 2415087, upload-time = "2025-04-12T17:48:21.991Z" },
    { url = "https://files.pythonhosted.org/packages/36/9c/447528ee3776e7ab8897fe33697a7ff3f0475bb490c5ac1456a03dc57956/pillow-11.2.1-cp313-cp313-macosx_10_13_x86_64.whl", hash = "sha256:fdec757fea0b793056419bca3e9932eb2b0ceec90ef4813ea4c1e072c389eb28", size = 3190098, upload-time = "2025-04-12T17:48:23.915Z" },
    { url = "https://files.pythonhosted.org/packages/b5/09/29d5cd052f7566a63e5b506fac9c60526e9ecc553825551333e1e18a4858/pillow-11.2.1-cp313-cp313-macosx_11_0_arm64.whl", hash = "sha256:b0e130705d568e2f43a17bcbe74d90958e8a16263868a12c3e0d9c8162690830", size = 3030166, upload-time = "2025-04-12T17:48:25.738Z" },
    { url = "https://files.pythonhosted.org/packages/71/5d/446ee132ad35e7600652133f9c2840b4799bbd8e4adba881284860da0a36/pillow-11.2.1-cp313-cp313-manylinux_2_17_aarch64.manylinux2014_aarch64.whl", hash = "sha256:7bdb5e09068332578214cadd9c05e3d64d99e0e87591be22a324bdbc18925be0", size = 4408674, upload-time = "2025-04-12T17:48:27.908Z" },
    { url = "https://files.pythonhosted.org/packages/69/5f/cbe509c0ddf91cc3a03bbacf40e5c2339c4912d16458fcb797bb47bcb269/pillow-11.2.1-cp313-cp313-manylinux_2_17_x86_64.manylinux2014_x86_64.whl", hash = "sha256:d189ba1bebfbc0c0e529159631ec72bb9e9bc041f01ec6d3233d6d82eb823bc1", size = 4496005, upload-time = "2025-04-12T17:48:29.888Z" },
    { url = "https://files.pythonhosted.org/packages/f9/b3/dd4338d8fb8a5f312021f2977fb8198a1184893f9b00b02b75d565c33b51/pillow-11.2.1-cp313-cp313-manylinux_2_28_aarch64.whl", hash = "sha256:191955c55d8a712fab8934a42bfefbf99dd0b5875078240943f913bb66d46d9f", size = 4518707, upload-time = "2025-04-12T17:48:31.874Z" },
    { url = "https://files.pythonhosted.org/packages/13/eb/2552ecebc0b887f539111c2cd241f538b8ff5891b8903dfe672e997529be/pillow-11.2.1-cp313-cp313-manylinux_2_28_x86_64.whl", hash = "sha256:ad275964d52e2243430472fc5d2c2334b4fc3ff9c16cb0a19254e25efa03a155", size = 4610008, upload-time = "2025-04-12T17:48:34.422Z" },
    { url = "https://files.pythonhosted.org/packages/72/d1/924ce51bea494cb6e7959522d69d7b1c7e74f6821d84c63c3dc430cbbf3b/pillow-11.2.1-cp313-cp313-musllinux_1_2_aarch64.whl", hash = "sha256:750f96efe0597382660d8b53e90dd1dd44568a8edb51cb7f9d5d918b80d4de14", size = 4585420, upload-time = "2025-04-12T17:48:37.641Z" },
    { url = "https://files.pythonhosted.org/packages/43/ab/8f81312d255d713b99ca37479a4cb4b0f48195e530cdc1611990eb8fd04b/pillow-11.2.1-cp313-cp313-musllinux_1_2_x86_64.whl", hash = "sha256:fe15238d3798788d00716637b3d4e7bb6bde18b26e5d08335a96e88564a36b6b", size = 4667655, upload-time = "2025-04-12T17:48:39.652Z" },
    { url = "https://files.pythonhosted.org/packages/94/86/8f2e9d2dc3d308dfd137a07fe1cc478df0a23d42a6c4093b087e738e4827/pillow-11.2.1-cp313-cp313-win32.whl", hash = "sha256:3fe735ced9a607fee4f481423a9c36701a39719252a9bb251679635f99d0f7d2", size = 2332329, upload-time = "2025-04-12T17:48:41.765Z" },
    { url = "https://files.pythonhosted.org/packages/6d/ec/1179083b8d6067a613e4d595359b5fdea65d0a3b7ad623fee906e1b3c4d2/pillow-11.2.1-cp313-cp313-win_amd64.whl", hash = "sha256:74ee3d7ecb3f3c05459ba95eed5efa28d6092d751ce9bf20e3e253a4e497e691", size = 2676388, upload-time = "2025-04-12T17:48:43.625Z" },
    { url = "https://files.pythonhosted.org/packages/23/f1/2fc1e1e294de897df39fa8622d829b8828ddad938b0eaea256d65b84dd72/pillow-11.2.1-cp313-cp313-win_arm64.whl", hash = "sha256:5119225c622403afb4b44bad4c1ca6c1f98eed79db8d3bc6e4e160fc6339d66c", size = 2414950, upload-time = "2025-04-12T17:48:45.475Z" },
    { url = "https://files.pythonhosted.org/packages/c4/3e/c328c48b3f0ead7bab765a84b4977acb29f101d10e4ef57a5e3400447c03/pillow-11.2.1-cp313-cp313t-macosx_10_13_x86_64.whl", hash = "sha256:8ce2e8411c7aaef53e6bb29fe98f28cd4fbd9a1d9be2eeea434331aac0536b22", size = 3192759, upload-time = "2025-04-12T17:48:47.866Z" },
    { url = "https://files.pythonhosted.org/packages/18/0e/1c68532d833fc8b9f404d3a642991441d9058eccd5606eab31617f29b6d4/pillow-11.2.1-cp313-cp313t-macosx_11_0_arm64.whl", hash = "sha256:9ee66787e095127116d91dea2143db65c7bb1e232f617aa5957c0d9d2a3f23a7", size = 3033284, upload-time = "2025-04-12T17:48:50.189Z" },
    { url = "https://files.pythonhosted.org/packages/b7/cb/6faf3fb1e7705fd2db74e070f3bf6f88693601b0ed8e81049a8266de4754/pillow-11.2.1-cp313-cp313t-manylinux_2_17_aarch64.manylinux2014_aarch64.whl", hash = "sha256:9622e3b6c1d8b551b6e6f21873bdcc55762b4b2126633014cea1803368a9aa16", size = 4445826, upload-time = "2025-04-12T17:48:52.346Z" },
    { url = "https://files.pythonhosted.org/packages/07/94/8be03d50b70ca47fb434a358919d6a8d6580f282bbb7af7e4aa40103461d/pillow-11.2.1-cp313-cp313t-manylinux_2_17_x86_64.manylinux2014_x86_64.whl", hash = "sha256:63b5dff3a68f371ea06025a1a6966c9a1e1ee452fc8020c2cd0ea41b83e9037b", size = 4527329, upload-time = "2025-04-12T17:48:54.403Z" },
    { url = "https://files.pythonhosted.org/packages/fd/a4/bfe78777076dc405e3bd2080bc32da5ab3945b5a25dc5d8acaa9de64a162/pillow-11.2.1-cp313-cp313t-manylinux_2_28_aarch64.whl", hash = "sha256:31df6e2d3d8fc99f993fd253e97fae451a8db2e7207acf97859732273e108406", size = 4549049, upload-time = "2025-04-12T17:48:56.383Z" },
    { url = "https://files.pythonhosted.org/packages/65/4d/eaf9068dc687c24979e977ce5677e253624bd8b616b286f543f0c1b91662/pillow-11.2.1-cp313-cp313t-manylinux_2_28_x86_64.whl", hash = "sha256:062b7a42d672c45a70fa1f8b43d1d38ff76b63421cbbe7f88146b39e8a558d91", size = 4635408, upload-time = "2025-04-12T17:48:58.782Z" },
    { url = "https://files.pythonhosted.org/packages/1d/26/0fd443365d9c63bc79feb219f97d935cd4b93af28353cba78d8e77b61719/pillow-11.2.1-cp313-cp313t-musllinux_1_2_aarch64.whl", hash = "sha256:4eb92eca2711ef8be42fd3f67533765d9fd043b8c80db204f16c8ea62ee1a751", size = 4614863, upload-time = "2025-04-12T17:49:00.709Z" },
    { url = "https://files.pythonhosted.org/packages/49/65/dca4d2506be482c2c6641cacdba5c602bc76d8ceb618fd37de855653a419/pillow-11.2.1-cp313-cp313t-musllinux_1_2_x86_64.whl", hash = "sha256:f91ebf30830a48c825590aede79376cb40f110b387c17ee9bd59932c961044f9", size = 4692938, upload-time = "2025-04-12T17:49:02.946Z" },
    { url = "https://files.pythonhosted.org/packages/b3/92/1ca0c3f09233bd7decf8f7105a1c4e3162fb9142128c74adad0fb361b7eb/pillow-11.2.1-cp313-cp313t-win32.whl", hash = "sha256:e0b55f27f584ed623221cfe995c912c61606be8513bfa0e07d2c674b4516d9dd", size = 2335774, upload-time = "2025-04-12T17:49:04.889Z" },
    { url = "https://files.pythonhosted.org/packages/a5/ac/77525347cb43b83ae905ffe257bbe2cc6fd23acb9796639a1f56aa59d191/pillow-11.2.1-cp313-cp313t-win_amd64.whl", hash = "sha256:36d6b82164c39ce5482f649b437382c0fb2395eabc1e2b1702a6deb8ad647d6e", size = 2681895, upload-time = "2025-04-12T17:49:06.635Z" },
    { url = "https://files.pythonhosted.org/packages/67/32/32dc030cfa91ca0fc52baebbba2e009bb001122a1daa8b6a79ad830b38d3/pillow-11.2.1-cp313-cp313t-win_arm64.whl", hash = "sha256:225c832a13326e34f212d2072982bb1adb210e0cc0b153e688743018c94a2681", size = 2417234, upload-time = "2025-04-12T17:49:08.399Z" },
]

[[package]]
name = "pyglet"
version = "1.5.31"
source = { registry = "https://pypi.org/simple" }
sdist = { url = "https://files.pythonhosted.org/packages/f7/c0/59130a7edbcc8f84e35870b00a712538ca05415ff02d17181277b8ef8f05/pyglet-1.5.31.zip", hash = "sha256:a5e422b4c27b0fc99e92103bf493109cca5c18143583b868b3b4631a98ae9417", size = 6900712, upload-time = "2024-12-24T07:10:58.022Z" }
wheels = [
    { url = "https://files.pythonhosted.org/packages/e2/43/46aa0ab49f2f5145d201780c7595cf0c305fb4fb5d00d6639792a3d0e770/pyglet-1.5.31-py3-none-any.whl", hash = "sha256:f68413564bbec380e4815898fef0fb7a4a494dc3f8718bfbf28ce2a802634c88", size = 1143660, upload-time = "2024-12-24T07:10:50.769Z" },
]

[[package]]
name = "pyopengl"
version = "3.1.9"
source = { registry = "https://pypi.org/simple" }
sdist = { url = "https://files.pythonhosted.org/packages/c0/42/71080db298df3ddb7e3090bfea8fd7c300894d8b10954c22f8719bd434eb/pyopengl-3.1.9.tar.gz", hash = "sha256:28ebd82c5f4491a418aeca9672dffb3adbe7d33b39eada4548a5b4e8c03f60c8", size = 1913642, upload-time = "2025-01-20T02:17:53.263Z" }
wheels = [
    { url = "https://files.pythonhosted.org/packages/92/44/8634af40b0db528b5b37e901c0dc67321354880d251bf8965901d57693a5/PyOpenGL-3.1.9-py3-none-any.whl", hash = "sha256:15995fd3b0deb991376805da36137a4ae5aba6ddbb5e29ac1f35462d130a3f77", size = 3190341, upload-time = "2025-01-20T02:17:50.913Z" },
]

[[package]]
name = "scipy"
version = "1.16.0rc2"
source = { registry = "https://pypi.org/simple" }
dependencies = [
    { name = "numpy" },
]
sdist = { url = "https://files.pythonhosted.org/packages/9c/ff/c01073c71d82baeacf71b2ae7fc6d47bb4ff898b3f98ce7897098ca36c26/scipy-1.16.0rc2.tar.gz", hash = "sha256:15691a82725e641c4830efafe191f1b232b7d87ee25995a687213030686651eb", size = 30582415, upload-time = "2025-06-08T17:47:23.548Z" }
wheels = [
    { url = "https://files.pythonhosted.org/packages/e8/ca/444ef26cc1227ea40d4dd3a90f633050c3098a5c680ff3fe9a1be3c21a79/scipy-1.16.0rc2-cp312-cp312-macosx_10_14_x86_64.whl", hash = "sha256:3e251f7384aec9705d4e17e89ce2b5b328389be63fb43c6e453371956bd8acf7", size = 36445020, upload-time = "2025-06-08T17:40:13.317Z" },
    { url = "https://files.pythonhosted.org/packages/a1/e2/f9d5dcc775242252881e07ea994fb56a73b1cc4937b9372d6bdb296c0924/scipy-1.16.0rc2-cp312-cp312-macosx_12_0_arm64.whl", hash = "sha256:da97c138ac1e9ffafb6b8f01c042e329dd72f435dd11f61f5c5db1856e8ac9be", size = 28474916, upload-time = "2025-06-08T17:40:23.875Z" },
    { url = "https://files.pythonhosted.org/packages/34/41/514f51b7352ed1e3a6d3b486effc3b5d30e104e0ed3032854458fe0ec811/scipy-1.16.0rc2-cp312-cp312-macosx_14_0_arm64.whl", hash = "sha256:8d8b835fc89d214c45ee41e5cac3e66a8c97cfe5778340864404dfb2a17c6c8f", size = 20746351, upload-time = "2025-06-08T17:40:28.543Z" },
    { url = "https://files.pythonhosted.org/packages/f3/47/941aa3bd2a4a46f15cd31947d1e27cc739327b17cb466ca4ef05329872df/scipy-1.16.0rc2-cp312-cp312-macosx_14_0_x86_64.whl", hash = "sha256:58f1df0d9a88da00c00b47ddc39c9f5de37ecfb0f5f1901352bfe6eb2030f012", size = 23404353, upload-time = "2025-06-08T17:40:32.697Z" },
    { url = "https://files.pythonhosted.org/packages/14/65/9bcf96774455953db444de2052d02fd93d9ea0d16322344d3d4711e415a9/scipy-1.16.0rc2-cp312-cp312-manylinux_2_17_aarch64.manylinux2014_aarch64.whl", hash = "sha256:51c16dbd6aae5d05f9561047eebcc3d34f7908a8bcc2b266183676696726c4cd", size = 33199820, upload-time = "2025-06-08T17:40:37.723Z" },
    { url = "https://files.pythonhosted.org/packages/86/f0/b5367131201d3242c065a0bd777f1caf3dbbc5778d7147a9ce4d2f508e00/scipy-1.16.0rc2-cp312-cp312-manylinux_2_17_x86_64.manylinux2014_x86_64.whl", hash = "sha256:08d178cede923f15aa516ac6a195dbc8012f846941a0596b3efabe0da799ebc2", size = 35050542, upload-time = "2025-06-08T17:40:43.453Z" },
    { url = "https://files.pythonhosted.org/packages/2d/9d/e519745ae2d4038c39d6570a9435a3a28a9f75618bcf0bfdc5c7f4f6ad0d/scipy-1.16.0rc2-cp312-cp312-musllinux_1_2_aarch64.whl", hash = "sha256:2d23ae8344305648b593ee81d3e8702577f7f5682380165b0b26f1ea69e8f5b9", size = 35378061, upload-time = "2025-06-08T17:40:49.402Z" },
    { url = "https://files.pythonhosted.org/packages/7a/e6/46a9611a2b8d36cb443bdc3cae87bf020156c6a5ed6e9e16ed9fc77ef42f/scipy-1.16.0rc2-cp312-cp312-musllinux_1_2_x86_64.whl", hash = "sha256:1bd303ad7f18dc47e0d10ca7d3964e7c9ddc24a5d9a9a23054eaabd0d75d7f62", size = 37811995, upload-time = "2025-06-08T17:40:57.979Z" },
    { url = "https://files.pythonhosted.org/packages/09/d1/b8d2a0556e0d8b4c5fd340d37488223091aa47d8ab1e1becef4afdb1bb72/scipy-1.16.0rc2-cp312-cp312-win_amd64.whl", hash = "sha256:e6aecc49baf5e1a380192b8ec1ef0850909ab8f7fbf5a5b52f71de0add6e9def", size = 38418631, upload-time = "2025-06-08T17:41:46.563Z" },
    { url = "https://files.pythonhosted.org/packages/8d/45/e28d9d03958b7769f881834bcea25d34dba7ccfadedf115de9b05fb98220/scipy-1.16.0rc2-cp313-cp313-macosx_10_14_x86_64.whl", hash = "sha256:42d109eafe509c80bc8b7613cbb6d6c40cf98ea715ce6d8675ee38cf1bf91192", size = 36403913, upload-time = "2025-06-08T17:42:11.961Z" },
    { url = "https://files.pythonhosted.org/packages/81/42/a00fc7ec60220e6488584e86903779d02432f839fd120c00a34a9f64b6cf/scipy-1.16.0rc2-cp313-cp313-macosx_12_0_arm64.whl", hash = "sha256:0f420004d96468c3861453b5ccfbdf950d1c8c065e2941d0f75bf7a06a0c3bf9", size = 28450277, upload-time = "2025-06-08T17:42:49.946Z" },
    { url = "https://files.pythonhosted.org/packages/77/35/42f79f2eac173eefb38022d5d92f4288f7c4be705c9f29da75a93cd7c355/scipy-1.16.0rc2-cp313-cp313-macosx_14_0_arm64.whl", hash = "sha256:b27a3cc21124dd2b6a8bbd336e60a8889c6590409759dea1bd3e9dd460aca7e1", size = 20721716, upload-time = "2025-06-08T17:42:55.652Z" },
    { url = "https://files.pythonhosted.org/packages/1a/63/40a7cd7f8ecd827ba4affe589bf64b874d35582eb747f4d317a304a1c276/scipy-1.16.0rc2-cp313-cp313-macosx_14_0_x86_64.whl", hash = "sha256:99035e25a997dd5b1aa0660b360b29b6ce728a67efd7421dd57cdf7f942ee721", size = 23363471, upload-time = "2025-06-08T17:43:00.953Z" },
    { url = "https://files.pythonhosted.org/packages/ea/14/2a9c86bcd098c451081b6ed3aca533f6bb171ed2c52e7e45747d162a3061/scipy-1.16.0rc2-cp313-cp313-manylinux_2_17_aarch64.manylinux2014_aarch64.whl", hash = "sha256:d7548ad0ea19645b2b58a19653050e5c9d056009a6f9b6c11d13f6747029ee0e", size = 33179537, upload-time = "2025-06-08T17:43:06.369Z" },
    { url = "https://files.pythonhosted.org/packages/be/98/e3452acaa23d6a874d8918edcfcb9b9187e92f8317c7344bfcbed925c709/scipy-1.16.0rc2-cp313-cp313-manylinux_2_17_x86_64.manylinux2014_x86_64.whl", hash = "sha256:481809907f539d413fa22b81176fb1810a83b31c15b128121b4b29bdd33addf1", size = 35062052, upload-time = "2025-06-08T17:43:12.153Z" },
    { url = "https://files.pythonhosted.org/packages/54/b0/8995aae6da21df644c23332826a2b77169d237fb5dff2379f79ea57410d2/scipy-1.16.0rc2-cp313-cp313-musllinux_1_2_aarch64.whl", hash = "sha256:9c77c9e2a7f157b8323dad2640cc5c1984f24b5372a3c72fe077ac17ac020894", size = 35370320, upload-time = "2025-06-08T17:43:17.85Z" },
    { url = "https://files.pythonhosted.org/packages/43/0d/3c6f43baca31e4e6beea41db0437f25b8e6940891125629f724ce108320d/scipy-1.16.0rc2-cp313-cp313-musllinux_1_2_x86_64.whl", hash = "sha256:c37b8b2f45263ba41350b1828a35e7e85984dab97fe62e25ff5f70b66053797d", size = 37825951, upload-time = "2025-06-08T17:43:23.767Z" },
    { url = "https://files.pythonhosted.org/packages/aa/8b/58758e400fd6ffe9e1aa2f0f74f8d139a6dc4e6ad4031c5565fcd6885114/scipy-1.16.0rc2-cp313-cp313-win_amd64.whl", hash = "sha256:88650f12c79aa78acf56b1cf81106704b8243399980f06f8f6e8f60021eb48df", size = 38398027, upload-time = "2025-06-08T17:44:19.682Z" },
    { url = "https://files.pythonhosted.org/packages/f3/c3/f868877f3f8bd80e75967f88f744377cc7a1ce51a1084a93ed1db76dd40c/scipy-1.16.0rc2-cp313-cp313t-macosx_10_14_x86_64.whl", hash = "sha256:071b04b08ad474141ccc401149a46d78b5984f3fb28f8814e54bafb4eebfc2cb", size = 36807070, upload-time = "2025-06-08T17:43:29.458Z" },
    { url = "https://files.pythonhosted.org/packages/fa/2b/7c763be0ad2fa048b522d7eaf20db78a7fc8b5b1eeb996e5bcb443381cb5/scipy-1.16.0rc2-cp313-cp313t-macosx_12_0_arm64.whl", hash = "sha256:e2c3c3e94742a6801edaaea028a1429985245b308bba221563a0d53950ab6170", size = 28965966, upload-time = "2025-06-08T17:43:34.875Z" },
    { url = "https://files.pythonhosted.org/packages/9b/95/da6e5c1b5d49d2b599258c45b487c006a7529ccfb6a54bd1a714cbbb4ad9/scipy-1.16.0rc2-cp313-cp313t-macosx_14_0_arm64.whl", hash = "sha256:ff847bed1d0a9f73f62bb6fb1eab26c48548f3d6f99a3d7626b09e1a00687e87", size = 21237585, upload-time = "2025-06-08T17:43:39.131Z" },
    { url = "https://files.pythonhosted.org/packages/0f/99/9e5dbb5f58bbf80c08f9cd38008d444a0ab10ca3e93f0310caca13466ded/scipy-1.16.0rc2-cp313-cp313t-macosx_14_0_x86_64.whl", hash = "sha256:4ad6e6f2ae4a096ad49a22a01cd8915260201cf68a2174acca9018be3222eb49", size = 23766147, upload-time = "2025-06-08T17:43:43.524Z" },
    { url = "https://files.pythonhosted.org/packages/86/0c/15346d0b0b86f1a10999d8d049a1cdab8d766da1fe3fb1889dc3238c372e/scipy-1.16.0rc2-cp313-cp313t-manylinux_2_17_aarch64.manylinux2014_aarch64.whl", hash = "sha256:9f1497ffaec97de03e6f55cfa911cc9e3954ccc66995f98e171185b2b6de59d1", size = 33299847, upload-time = "2025-06-08T17:43:49.152Z" },
    { url = "https://files.pythonhosted.org/packages/88/26/5526c49a951934572a0c549f58747a772e1cef311806dc9118e7b7b7b479/scipy-1.16.0rc2-cp313-cp313t-manylinux_2_17_x86_64.manylinux2014_x86_64.whl", hash = "sha256:6f4825abc3fa2eca967b74bc7ee936c044a8844a73053fb37c6dbc286be13217", size = 35116844, upload-time = "2025-06-08T17:43:54.708Z" },
    { url = "https://files.pythonhosted.org/packages/f6/da/11a06f0ea8c44c4c137d30fa4068918098ffe790dd6c5fed60e12244a217/scipy-1.16.0rc2-cp313-cp313t-musllinux_1_2_aarch64.whl", hash = "sha256:579bebf4a8de34a3b50fd169369486a55ebb5ebe395919707b68ba2c46fb75ad", size = 35537993, upload-time = "2025-06-08T17:44:00.825Z" },
    { url = "https://files.pythonhosted.org/packages/e7/b3/e4c6c27e97beaf5a6359ccbc7341faceb5f1f5b5b6307e672eae8d0be4a4/scipy-1.16.0rc2-cp313-cp313t-musllinux_1_2_x86_64.whl", hash = "sha256:3e2fabc037eef686b74b1835723db59a34f026802e2ed3520ae5d3a73f575b21", size = 37932178, upload-time = "2025-06-08T17:44:07.116Z" },
    { url = "https://files.pythonhosted.org/packages/f5/fa/5e7bfb5a7b3128c560064bcdb14ad4bed69d90111149a8dff0c766601ef4/scipy-1.16.0rc2-cp313-cp313t-win_amd64.whl", hash = "sha256:ee18fb3b6960ff67d1be2e6bb909ee3cc3869743cf463333aeafea82b3a99f8a", size = 38506429, upload-time = "2025-06-08T17:44:13.464Z" },
]

[[package]]
name = "typing-extensions"
version = "4.14.0"
source = { registry = "https://pypi.org/simple" }
sdist = { url = "https://files.pythonhosted.org/packages/d1/bc/51647cd02527e87d05cb083ccc402f93e441606ff1f01739a62c8ad09ba5/typing_extensions-4.14.0.tar.gz", hash = "sha256:8676b788e32f02ab42d9e7c61324048ae4c6d844a399eebace3d4979d75ceef4", size = 107423, upload-time = "2025-06-02T14:52:11.399Z" }
wheels = [
    { url = "https://files.pythonhosted.org/packages/69/e0/552843e0d356fbb5256d21449fa957fa4eff3bbc135a74a691ee70c7c5da/typing_extensions-4.14.0-py3-none-any.whl", hash = "sha256:a1514509136dd0b477638fc68d6a91497af5076466ad0fa6c338e44e359944af", size = 43839, upload-time = "2025-06-02T14:52:10.026Z" },
]

[[package]]
name = "zipp"
version = "3.23.0"
source = { registry = "https://pypi.org/simple" }
sdist = { url = "https://files.pythonhosted.org/packages/e3/02/0f2892c661036d50ede074e376733dca2ae7c6eb617489437771209d4180/zipp-3.23.0.tar.gz", hash = "sha256:a07157588a12518c9d4034df3fbbee09c814741a33ff63c05fa29d26a2404166", size = 25547, upload-time = "2025-06-08T17:06:39.4Z" }
wheels = [
    { url = "https://files.pythonhosted.org/packages/2e/54/647ade08bf0db230bfea292f893923872fd20be6ac6f53b2b936ba839d75/zipp-3.23.0-py3-none-any.whl", hash = "sha256:071652d6115ed432f5ce1d34c336c0adfd6a884660d1e9712a256d3d3bd4b14e", size = 10276, upload-time = "2025-06-08T17:06:38.034Z" },
]
